lockfileVersion: '9.0'

settings:
  autoInstallPeers: true
  excludeLinksFromLockfile: false

importers:

  .:
    dependencies:
      bindings:
        specifier: ~1.2.1
        version: 1.2.1

packages:

  bindings@1.2.1:
    resolution: {integrity: sha512-u4cBQNepWxYA55FunZSM7wMi55yQaN0otnhhilNoWHq0MfOfJeQx0v0mRRpolGOExPjZcl6FtB0BB8Xkb88F0g==}

snapshots:

  bindings@1.2.1: {}
